
Microsoft Visual Studio Solution File, Format Version 12.00
# Visual Studio Version 17
VisualStudioVersion = 17.11.35312.102
MinimumVisualStudioVersion = 10.0.40219.1
Project("{FAE04EC0-301F-11D3-BF4B-00C04F79EFBC}") = "GetSet_UcgenCevre", "GetSet_UcgenCevre\GetSet_UcgenCevre.csproj", "{727E1327-CE28-46D2-9E29-24767B981205}"
EndProject
Global
	GlobalSection(SolutionConfigurationPlatforms) = preSolution
		Debug|Any CPU = Debug|Any CPU
		Release|Any CPU = Release|Any CPU
	EndGlobalSection
	GlobalSection(ProjectConfigurationPlatforms) = postSolution
		{727E1327-CE28-46D2-9E29-24767B981205}.Debug|Any CPU.ActiveCfg = Debug|Any CPU
		{727E1327-CE28-46D2-9E29-24767B981205}.Debug|Any CPU.Build.0 = Debug|Any CPU
		{727E1327-CE28-46D2-9E29-24767B981205}.Release|Any CPU.ActiveCfg = Release|Any CPU
		{727E1327-CE28-46D2-9E29-24767B981205}.Release|Any CPU.Build.0 = Release|Any CPU
	EndGlobalSection
	GlobalSection(SolutionProperties) = preSolution
		HideSolutionNode = FALSE
	EndGlobalSection
	GlobalSection(ExtensibilityGlobals) = postSolution
		SolutionGuid = {7B39D098-6481-410D-BBFF-1F7758D62320}
	EndGlobalSection
EndGlobal
