
Microsoft Visual Studio Solution File, Format Version 12.00
# Visual Studio Version 17
VisualStudioVersion = 17.11.35312.102
MinimumVisualStudioVersion = 10.0.40219.1
Project("{FAE04EC0-301F-11D3-BF4B-00C04F79EFBC}") = "AdSoyadSozlu_dizi", "AdSoyadSozlu_dizi\AdSoyadSozlu_dizi.csproj", "{B6B11F87-B7BD-407E-834B-096577A0FDEC}"
EndProject
Global
	GlobalSection(SolutionConfigurationPlatforms) = preSolution
		Debug|Any CPU = Debug|Any CPU
		Release|Any CPU = Release|Any CPU
	EndGlobalSection
	GlobalSection(ProjectConfigurationPlatforms) = postSolution
		{B6B11F87-B7BD-407E-834B-096577A0FDEC}.Debug|Any CPU.ActiveCfg = Debug|Any CPU
		{B6B11F87-B7BD-407E-834B-096577A0FDEC}.Debug|Any CPU.Build.0 = Debug|Any CPU
		{B6B11F87-B7BD-407E-834B-096577A0FDEC}.Release|Any CPU.ActiveCfg = Release|Any CPU
		{B6B11F87-B7BD-407E-834B-096577A0FDEC}.Release|Any CPU.Build.0 = Release|Any CPU
	EndGlobalSection
	GlobalSection(SolutionProperties) = preSolution
		HideSolutionNode = FALSE
	EndGlobalSection
	GlobalSection(ExtensibilityGlobals) = postSolution
		SolutionGuid = {20A0CA8D-88B0-4350-8D3B-23B9E173E214}
	EndGlobalSection
EndGlobal
