
Microsoft Visual Studio Solution File, Format Version 12.00
# Visual Studio Version 17
VisualStudioVersion = 17.11.35303.130
MinimumVisualStudioVersion = 10.0.40219.1
Project("{FAE04EC0-301F-11D3-BF4B-00C04F79EFBC}") = "HelloWorld", "HelloWorld\HelloWorld.csproj", "{6B48F5F0-EA29-4006-87D8-6539573DFE68}"
EndProject
Global
	GlobalSection(SolutionConfigurationPlatforms) = preSolution
		Debug|Any CPU = Debug|Any CPU
		Release|Any CPU = Release|Any CPU
	EndGlobalSection
	GlobalSection(ProjectConfigurationPlatforms) = postSolution
		{6B48F5F0-EA29-4006-87D8-6539573DFE68}.Debug|Any CPU.ActiveCfg = Debug|Any CPU
		{6B48F5F0-EA29-4006-87D8-6539573DFE68}.Debug|Any CPU.Build.0 = Debug|Any CPU
		{6B48F5F0-EA29-4006-87D8-6539573DFE68}.Release|Any CPU.ActiveCfg = Release|Any CPU
		{6B48F5F0-EA29-4006-87D8-6539573DFE68}.Release|Any CPU.Build.0 = Release|Any CPU
	EndGlobalSection
	GlobalSection(SolutionProperties) = preSolution
		HideSolutionNode = FALSE
	EndGlobalSection
	GlobalSection(ExtensibilityGlobals) = postSolution
		SolutionGuid = {1E8D5DC5-C105-4F1D-BD94-E41379876AA0}
	EndGlobalSection
EndGlobal
