
Microsoft Visual Studio Solution File, Format Version 12.00
# Visual Studio Version 17
VisualStudioVersion = 17.13.35919.96 d17.13
MinimumVisualStudioVersion = 10.0.40219.1
Project("{FAE04EC0-301F-11D3-BF4B-00C04F79EFBC}") = "Stack_Ornek", "Stack_Ornek\Stack_Ornek.csproj", "{EF41D467-51F6-43FF-85CE-B57C0DC6D95C}"
EndProject
Global
	GlobalSection(SolutionConfigurationPlatforms) = preSolution
		Debug|Any CPU = Debug|Any CPU
		Release|Any CPU = Release|Any CPU
	EndGlobalSection
	GlobalSection(ProjectConfigurationPlatforms) = postSolution
		{EF41D467-51F6-43FF-85CE-B57C0DC6D95C}.Debug|Any CPU.ActiveCfg = Debug|Any CPU
		{EF41D467-51F6-43FF-85CE-B57C0DC6D95C}.Debug|Any CPU.Build.0 = Debug|Any CPU
		{EF41D467-51F6-43FF-85CE-B57C0DC6D95C}.Release|Any CPU.ActiveCfg = Release|Any CPU
		{EF41D467-51F6-43FF-85CE-B57C0DC6D95C}.Release|Any CPU.Build.0 = Release|Any CPU
	EndGlobalSection
	GlobalSection(SolutionProperties) = preSolution
		HideSolutionNode = FALSE
	EndGlobalSection
	GlobalSection(ExtensibilityGlobals) = postSolution
		SolutionGuid = {BE6978EE-74BF-41CD-ACF4-DA67C2E92E2B}
	EndGlobalSection
EndGlobal
