
Microsoft Visual Studio Solution File, Format Version 12.00
# Visual Studio Version 17
VisualStudioVersion = 17.11.35312.102
MinimumVisualStudioVersion = 10.0.40219.1
Project("{FAE04EC0-301F-11D3-BF4B-00C04F79EFBC}") = "DizinMetotları", "DizinMetotları\DizinMetotları.csproj", "{CDA1EC99-FE25-490D-BC45-42CF12490376}"
EndProject
Global
	GlobalSection(SolutionConfigurationPlatforms) = preSolution
		Debug|Any CPU = Debug|Any CPU
		Release|Any CPU = Release|Any CPU
	EndGlobalSection
	GlobalSection(ProjectConfigurationPlatforms) = postSolution
		{CDA1EC99-FE25-490D-BC45-42CF12490376}.Debug|Any CPU.ActiveCfg = Debug|Any CPU
		{CDA1EC99-FE25-490D-BC45-42CF12490376}.Debug|Any CPU.Build.0 = Debug|Any CPU
		{CDA1EC99-FE25-490D-BC45-42CF12490376}.Release|Any CPU.ActiveCfg = Release|Any CPU
		{CDA1EC99-FE25-490D-BC45-42CF12490376}.Release|Any CPU.Build.0 = Release|Any CPU
	EndGlobalSection
	GlobalSection(SolutionProperties) = preSolution
		HideSolutionNode = FALSE
	EndGlobalSection
	GlobalSection(ExtensibilityGlobals) = postSolution
		SolutionGuid = {4A38A39F-B7C8-4836-BB0E-E655CB386560}
	EndGlobalSection
EndGlobal
